
Microsoft Visual Studio Solution File, Format Version 12.00
# Visual Studio Version 17
VisualStudioVersion = 17.5.002.0
MinimumVisualStudioVersion = 10.0.40219.1
Project("{2150E333-8FDC-42A3-9474-1A3956D46DE8}") = "ServerApp", "ServerApp", "{1DA63482-511F-45CF-825A-7990E35A0F1D}"
EndProject
Project("{9A19103F-16F7-4668-BE54-9A1E7A4F7556}") = "ServerApp", "ServerApp\ServerApp\ServerApp.csproj", "{0F02C800-BF80-44F4-80DD-01699F79F179}"
EndProject
Global
	GlobalSection(SolutionConfigurationPlatforms) = preSolution
		Debug|Any CPU = Debug|Any CPU
		Release|Any CPU = Release|Any CPU
	EndGlobalSection
	GlobalSection(ProjectConfigurationPlatforms) = postSolution
		{0F02C800-BF80-44F4-80DD-01699F79F179}.Debug|Any CPU.ActiveCfg = Debug|Any CPU
		{0F02C800-BF80-44F4-80DD-01699F79F179}.Debug|Any CPU.Build.0 = Debug|Any CPU
		{0F02C800-BF80-44F4-80DD-01699F79F179}.Release|Any CPU.ActiveCfg = Release|Any CPU
		{0F02C800-BF80-44F4-80DD-01699F79F179}.Release|Any CPU.Build.0 = Release|Any CPU
	EndGlobalSection
	GlobalSection(SolutionProperties) = preSolution
		HideSolutionNode = FALSE
	EndGlobalSection
	GlobalSection(NestedProjects) = preSolution
		{0F02C800-BF80-44F4-80DD-01699F79F179} = {1DA63482-511F-45CF-825A-7990E35A0F1D}
	EndGlobalSection
	GlobalSection(ExtensibilityGlobals) = postSolution
		SolutionGuid = {21AF9858-8B19-446B-AD81-B2561CB2F398}
	EndGlobalSection
EndGlobal
